
Microsoft Visual Studio Solution File, Format Version 12.00
# Visual Studio Version 17
VisualStudioVersion = 17.14.36109.1 d17.14
MinimumVisualStudioVersion = 10.0.40219.1
Project("{FAE04EC0-301F-11D3-BF4B-00C04F79EFBC}") = "LibraryICE", "LibraryICE\LibraryICE.csproj", "{C0E46A74-F45B-4DF4-9D3D-6A4614CD60EA}"
EndProject
Global
	GlobalSection(SolutionConfigurationPlatforms) = preSolution
		Debug|Any CPU = Debug|Any CPU
		Release|Any CPU = Release|Any CPU
	EndGlobalSection
	GlobalSection(ProjectConfigurationPlatforms) = postSolution
		{C0E46A74-F45B-4DF4-9D3D-6A4614CD60EA}.Debug|Any CPU.ActiveCfg = Debug|Any CPU
		{C0E46A74-F45B-4DF4-9D3D-6A4614CD60EA}.Debug|Any CPU.Build.0 = Debug|Any CPU
		{C0E46A74-F45B-4DF4-9D3D-6A4614CD60EA}.Release|Any CPU.ActiveCfg = Release|Any CPU
		{C0E46A74-F45B-4DF4-9D3D-6A4614CD60EA}.Release|Any CPU.Build.0 = Release|Any CPU
	EndGlobalSection
	GlobalSection(SolutionProperties) = preSolution
		HideSolutionNode = FALSE
	EndGlobalSection
	GlobalSection(ExtensibilityGlobals) = postSolution
		SolutionGuid = {1A994FE7-9DB9-47CA-9FE3-952F99601B7C}
	EndGlobalSection
EndGlobal
